{"1.1.0",
[{<<"cowboy">>,
  {git,"https://github.com/extend/cowboy.git",
       {ref,"50fd64ec34abd6e8555a6c6cb08988f9353bf318"}},
  0},
 {<<"cowlib">>,
  {git,"https://github.com/ninenines/cowlib",
       {ref,"3ef5b48a028bb66f82b452c98ae515903096641c"}},
  1},
 {<<"goldrush">>,{pkg,<<"goldrush">>,<<"0.1.9">>},1},
 {<<"lager">>,
  {git,"https://github.com/erlang-lager/lager",
       {ref,"c694de05f7fe0d07f624b37273cab0b751ec25b5"}},
  0},
 {<<"luerl">>,
  {git,"https://github.com/rvirding/luerl",
       {ref,"01fa43a1a5d68becfe07236a9a71505039474108"}},
  0},
 {<<"meck">>,
  {git,"https://github.com/basho/meck.git",
       {ref,"dde759050eff19a1a80fd854d7375174b191665d"}},
  1},
 {<<"mochiweb">>,
  {git,"https://github.com/mochi/mochiweb",
       {ref,"23dc11959affd9b0849c2ac0ff4200c1c82aa80c"}},
  0},
 {<<"mysql">>,
  {git,"https://github.com/mysql-otp/mysql-otp.git",
       {ref,"b93ef00da679e7d8f4a4acff54a4a5d548c52cfe"}},
  1},
 {<<"mysql_poolboy">>,
  {git,"https://github.com/mysql-otp/mysql-otp-poolboy",
       {ref,"0d1d9e713b7745ab8eeea3b7628dd6d69701f077"}},
  0},
 {<<"poolboy">>,
  {git,"https://github.com/devinus/poolboy.git",
       {ref,"3bb48a893ff5598f7c73731ac17545206d259fac"}},
  1},
 {<<"protobuffs">>,
  {git,"https://github.com/basho/erlang_protobuffs.git",
       {ref,"83fe743796eab4bfa2343fd0d5ce7d5748d1a2b8"}},
  0},
 {<<"ranch">>,
  {git,"https://github.com/ninenines/ranch",
       {ref,"55c2a9d623454f372a15e99721a37093d8773b48"}},
  1}]}.
[
{pkg_hash,[
 {<<"goldrush">>, <<"F06E5D5F1277DA5C413E84D5A2924174182FB108DABB39D5EC548B27424CD106">>}]}
].
